// !$*UTF8*$!
{
	archiveVersion = 1;
	classes = {
	};
	objectVersion = 46;
	objects = {

/* Begin PBXBuildFile section */
		408728C916B0C344009A2D17 /* UIKit.framework in Frameworks */ = {isa = PBXBuildFile; fileRef = 408728C816B0C344009A2D17 /* UIKit.framework */; };
		408728CB16B0C344009A2D17 /* Foundation.framework in Frameworks */ = {isa = PBXBuildFile; fileRef = 408728CA16B0C344009A2D17 /* Foundation.framework */; };
		408728CD16B0C344009A2D17 /* CoreGraphics.framework in Frameworks */ = {isa = PBXBuildFile; fileRef = 408728CC16B0C344009A2D17 /* CoreGraphics.framework */; };
		408728D316B0C344009A2D17 /* InfoPlist.strings in Resources */ = {isa = PBXBuildFile; fileRef = 408728D116B0C344009A2D17 /* InfoPlist.strings */; };
		408728D516B0C344009A2D17 /* main.m in Sources */ = {isa = PBXBuildFile; fileRef = 408728D416B0C344009A2D17 /* main.m */; };
		408728D916B0C344009A2D17 /* iTennisAppDelegate.m in Sources */ = {isa = PBXBuildFile; fileRef = 408728D816B0C344009A2D17 /* iTennisAppDelegate.m */; };
		408728DC16B0C344009A2D17 /* iTennisViewController.m in Sources */ = {isa = PBXBuildFile; fileRef = 408728DB16B0C344009A2D17 /* iTennisViewController.m */; };
		408728DF16B0C344009A2D17 /* iTennisViewController.xib in Resources */ = {isa = PBXBuildFile; fileRef = 408728DD16B0C344009A2D17 /* iTennisViewController.xib */; };
/* End PBXBuildFile section */

/* Begin PBXFileReference section */
		408728C416B0C344009A2D17 /* iTennis.app */ = {isa = PBXFileReference; explicitFileType = wrapper.application; includeInIndex = 0; path = iTennis.app; sourceTree = BUILT_PRODUCTS_DIR; };
		408728C816B0C344009A2D17 /* UIKit.framework */ = {isa = PBXFileReference; lastKnownFileType = wrapper.framework; name = UIKit.framework; path = System/Library/Frameworks/UIKit.framework; sourceTree = SDKROOT; };
		408728CA16B0C344009A2D17 /* Foundation.framework */ = {isa = PBXFileReference; lastKnownFileType = wrapper.framework; name = Foundation.framework; path = System/Library/Frameworks/Foundation.framework; sourceTree = SDKROOT; };
		408728CC16B0C344009A2D17 /* CoreGraphics.framework */ = {isa = PBXFileReference; lastKnownFileType = wrapper.framework; name = CoreGraphics.framework; path = System/Library/Frameworks/CoreGraphics.framework; sourceTree = SDKROOT; };
		408728D016B0C344009A2D17 /* iTennis-Info.plist */ = {isa = PBXFileReference; path = "iTennis-Info.plist"; sourceTree = "<group>"; };
		408728D216B0C344009A2D17 /* en */ = {isa = PBXFileReference; lastKnownFileType = text.plist.strings; name = en; path = en.lproj/InfoPlist.strings; sourceTree = "<group>"; };
		408728D416B0C344009A2D17 /* main.m */ = {isa = PBXFileReference; lastKnownFileType = sourcecode.c.objc; path = main.m; sourceTree = "<group>"; };
		408728D616B0C344009A2D17 /* iTennis-Prefix.pch */ = {isa = PBXFileReference; path = "iTennis-Prefix.pch"; sourceTree = "<group>"; };
		408728D716B0C344009A2D17 /* iTennisAppDelegate.h */ = {isa = PBXFileReference; path = iTennisAppDelegate.h; sourceTree = "<group>"; };
		408728D816B0C344009A2D17 /* iTennisAppDelegate.m */ = {isa = PBXFileReference; lastKnownFileType = sourcecode.c.objc; path = iTennisAppDelegate.m; sourceTree = "<group>"; };
		408728DA16B0C344009A2D17 /* iTennisViewController.h */ = {isa = PBXFileReference; path = iTennisViewController.h; sourceTree = "<group>"; };
		408728DB16B0C344009A2D17 /* iTennisViewController.m */ = {isa = PBXFileReference; lastKnownFileType = sourcecode.c.objc; path = iTennisViewController.m; sourceTree = "<group>"; };
		408728DE16B0C344009A2D17 /* en */ = {isa = PBXFileReference; lastKnownFileType = file.xib; name = en; path = en.lproj/iTennisViewController.xib; sourceTree = "<group>"; };
/* End PBXFileReference section */

/* Begin PBXFrameworksBuildPhase section */
		408728C116B0C344009A2D17 /* Frameworks */ = {
			isa = PBXFrameworksBuildPhase;
			buildActionMask = 2147483647;
			files = (
				408728C916B0C344009A2D17 /* UIKit.framework in Frameworks */,
				408728CB16B0C344009A2D17 /* Foundation.framework in Frameworks */,
				408728CD16B0C344009A2D17 /* CoreGraphics.framework in Frameworks */,
			);
			runOnlyForDeploymentPostprocessing = 0;
		};
/* End PBXFrameworksBuildPhase section */

/* Begin PBXGroup section */
		408728B916B0C343009A2D17 = {
			isa = PBXGroup;
			children = (
				408728CE16B0C344009A2D17 /* iTennis */,
				408728C716B0C344009A2D17 /* Frameworks */,
				408728C516B0C344009A2D17 /* Products */,
			);
			sourceTree = "<group>";
		};
		408728C516B0C344009A2D17 /* Products */ = {
			isa = PBXGroup;
			children = (
				408728C416B0C344009A2D17 /* iTennis.app */,
			);
			name = Products;
			sourceTree = "<group>";
		};
		408728C716B0C344009A2D17 /* Frameworks */ = {
			isa = PBXGroup;
			children = (
				408728C816B0C344009A2D17 /* UIKit.framework */,
				408728CA16B0C344009A2D17 /* Foundation.framework */,
				408728CC16B0C344009A2D17 /* CoreGraphics.framework */,
			);
			name = Frameworks;
			sourceTree = "<group>";
		};
		408728CE16B0C344009A2D17 /* iTennis */ = {
			isa = PBXGroup;
			children = (
				408728D716B0C344009A2D17 /* iTennisAppDelegate.h */,
				408728D816B0C344009A2D17 /* iTennisAppDelegate.m */,
				408728DA16B0C344009A2D17 /* iTennisViewController.h */,
				408728DB16B0C344009A2D17 /* iTennisViewController.m */,
				408728DD16B0C344009A2D17 /* iTennisViewController.xib */,
				408728CF16B0C344009A2D17 /* Supporting Files */,
			);
			path = iTennis;
			sourceTree = "<group>";
		};
		408728CF16B0C344009A2D17 /* Supporting Files */ = {
			isa = PBXGroup;
			children = (
				408728D016B0C344009A2D17 /* iTennis-Info.plist */,
				408728D116B0C344009A2D17 /* InfoPlist.strings */,
				408728D416B0C344009A2D17 /* main.m */,
				408728D616B0C344009A2D17 /* iTennis-Prefix.pch */,
			);
			name = "Supporting Files";
			sourceTree = "<group>";
		};
/* End PBXGroup section */

/* Begin PBXNativeTarget section */
		408728C316B0C344009A2D17 /* iTennis */ = {
			isa = PBXNativeTarget;
			buildConfigurationList = 408728E216B0C344009A2D17 /* Build configuration list for PBXNativeTarget "iTennis" */;
			buildPhases = (
				408728C016B0C344009A2D17 /* Sources */,
				408728C116B0C344009A2D17 /* Frameworks */,
				408728C216B0C344009A2D17 /* Resources */,
			);
			buildRules = (
			);
			dependencies = (
			);
			name = iTennis;
			productName = iTennis;
			productReference = 408728C416B0C344009A2D17 /* iTennis.app */;
			productType = "com.apple.product-type.application";
		};
/* End PBXNativeTarget section */

/* Begin PBXProject section */
		408728BB16B0C343009A2D17 /* Project object */ = {
			isa = PBXProject;
			attributes = {
				CLASSPREFIX = iTennis;
				LastUpgradeCheck = 0430;
			};
			buildConfigurationList = 408728BE16B0C343009A2D17 /* Build configuration list for PBXProject "iTennis" */;
			compatibilityVersion = "Xcode 3.2";
			developmentRegion = English;
			hasScannedForEncodings = 0;
			knownRegions = (
				en,
			);
			mainGroup = 408728B916B0C343009A2D17;
			productRefGroup = 408728C516B0C344009A2D17 /* Products */;
			projectDirPath = "";
			projectRoot = "";
			targets = (
				408728C316B0C344009A2D17 /* iTennis */,
			);
		};
/* End PBXProject section */

/* Begin PBXResourcesBuildPhase section */
		408728C216B0C344009A2D17 /* Resources */ = {
			isa = PBXResourcesBuildPhase;
			buildActionMask = 2147483647;
			files = (
				408728D316B0C344009A2D17 /* InfoPlist.strings in Resources */,
				408728DF16B0C344009A2D17 /* iTennisViewController.xib in Resources */,
			);
			runOnlyForDeploymentPostprocessing = 0;
		};
/* End PBXResourcesBuildPhase section */

/* Begin PBXSourcesBuildPhase section */
		408728C016B0C344009A2D17 /* Sources */ = {
			isa = PBXSourcesBuildPhase;
			buildActionMask = 2147483647;
			files = (
				408728D516B0C344009A2D17 /* main.m in Sources */,
				408728D916B0C344009A2D17 /* iTennisAppDelegate.m in Sources */,
				408728DC16B0C344009A2D17 /* iTennisViewController.m in Sources */,
			);
			runOnlyForDeploymentPostprocessing = 0;
		};
/* End PBXSourcesBuildPhase section */

/* Begin PBXVariantGroup section */
		408728D116B0C344009A2D17 /* InfoPlist.strings */ = {
			isa = PBXVariantGroup;
			children = (
				408728D216B0C344009A2D17 /* en */,
			);
			name = InfoPlist.strings;
			sourceTree = "<group>";
		};
		408728DD16B0C344009A2D17 /* iTennisViewController.xib */ = {
			isa = PBXVariantGroup;
			children = (
				408728DE16B0C344009A2D17 /* en */,
			);
			name = iTennisViewController.xib;
			sourceTree = "<group>";
		};
/* End PBXVariantGroup section */

/* Begin XCBuildConfiguration section */
		408728E016B0C344009A2D17 /* Debug */ = {
			isa = XCBuildConfiguration;
			buildSettings = {
				ALWAYS_SEARCH_USER_PATHS = NO;
				ARCHS = "$(ARCHS_STANDARD_32_BIT)";
				"CODE_SIGN_IDENTITY[sdk=iphoneos*]" = "iPhone Developer";
				COPY_PHASE_STRIP = NO;
				GCC_C_LANGUAGE_STANDARD = gnu99;
				GCC_DYNAMIC_NO_PIC = NO;
				GCC_OPTIMIZATION_LEVEL = 0;
				GCC_PREPROCESSOR_DEFINITIONS = (
					"DEBUG=1",
					"$(inherited)",
				);
				GCC_SYMBOLS_PRIVATE_EXTERN = NO;
				GCC_VERSION = com.apple.compilers.llvm.clang.1_0;
				GCC_WARN_ABOUT_RETURN_TYPE = YES;
				GCC_WARN_UNINITIALIZED_AUTOS = YES;
				GCC_WARN_UNUSED_VARIABLE = YES;
				IPHONEOS_DEPLOYMENT_TARGET = 5.1;
				SDKROOT = iphoneos;
			};
			name = Debug;
		};
		408728E116B0C344009A2D17 /* Release */ = {
			isa = XCBuildConfiguration;
			buildSettings = {
				ALWAYS_SEARCH_USER_PATHS = NO;
				ARCHS = "$(ARCHS_STANDARD_32_BIT)";
				"CODE_SIGN_IDENTITY[sdk=iphoneos*]" = "iPhone Developer";
				COPY_PHASE_STRIP = YES;
				GCC_C_LANGUAGE_STANDARD = gnu99;
				GCC_VERSION = com.apple.compilers.llvm.clang.1_0;
				GCC_WARN_ABOUT_RETURN_TYPE = YES;
				GCC_WARN_UNINITIALIZED_AUTOS = YES;
				GCC_WARN_UNUSED_VARIABLE = YES;
				IPHONEOS_DEPLOYMENT_TARGET = 5.1;
				OTHER_CFLAGS = "-DNS_BLOCK_ASSERTIONS=1";
				SDKROOT = iphoneos;
				VALIDATE_PRODUCT = YES;
			};
			name = Release;
		};
		408728E316B0C344009A2D17 /* Debug */ = {
			isa = XCBuildConfiguration;
			buildSettings = {
				GCC_PRECOMPILE_PREFIX_HEADER = YES;
				GCC_PREFIX_HEADER = "iTennis/iTennis-Prefix.pch";
				INFOPLIST_FILE = "iTennis/iTennis-Info.plist";
				PRODUCT_NAME = "$(TARGET_NAME)";
				WRAPPER_EXTENSION = app;
			};
			name = Debug;
		};
		408728E416B0C344009A2D17 /* Release */ = {
			isa = XCBuildConfiguration;
			buildSettings = {
				GCC_PRECOMPILE_PREFIX_HEADER = YES;
				GCC_PREFIX_HEADER = "iTennis/iTennis-Prefix.pch";
				INFOPLIST_FILE = "iTennis/iTennis-Info.plist";
				PRODUCT_NAME = "$(TARGET_NAME)";
				WRAPPER_EXTENSION = app;
			};
			name = Release;
		};
/* End XCBuildConfiguration section */

/* Begin XCConfigurationList section */
		408728BE16B0C343009A2D17 /* Build configuration list for PBXProject "iTennis" */ = {
			isa = XCConfigurationList;
			buildConfigurations = (
				408728E016B0C344009A2D17 /* Debug */,
				408728E116B0C344009A2D17 /* Release */,
			);
			defaultConfigurationIsVisible = 0;
			defaultConfigurationName = Release;
		};
		408728E216B0C344009A2D17 /* Build configuration list for PBXNativeTarget "iTennis" */ = {
			isa = XCConfigurationList;
			buildConfigurations = (
				408728E316B0C344009A2D17 /* Debug */,
				408728E416B0C344009A2D17 /* Release */,
			);
			defaultConfigurationIsVisible = 0;
		};
/* End XCConfigurationList section */
	};
	rootObject = 408728BB16B0C343009A2D17 /* Project object */;
}
